# This file was autogenerated by Stack.
# You should not edit this file by hand.
# For more information, please see the documentation at:
#   https://docs.haskellstack.org/en/stable/lock_files

packages:
- completed:
    hackage: blaze-html-contrib-0.2.2@sha256:b1aa217a4fc4ff5eaa592f89330d573c94871c228e78a1d227fa876cd5068134,990
    pantry-tree:
      size: 423
      sha256: 192e592ac5389aae39907da05a8b9a375ee3ac7483948c228367c138cd3c1d84
  original:
    hackage: blaze-html-contrib-0.2.2@sha256:b1aa217a4fc4ff5eaa592f89330d573c94871c228e78a1d227fa876cd5068134,990
snapshots:
- completed:
    size: 524804
    url: https://raw.githubusercontent.com/commercialhaskell/stackage-snapshots/master/lts/14/16.yaml
    sha256: 4d1519a4372d051d47a5eae2241cf3fb54e113d7475f89707ddb6ec06add2888
  original: lts-14.16
